// !$*UTF8*$!
{
	archiveVersion = 1;
	classes = {
	};
	objectVersion = 47;
	objects = {

/* Begin PBXBuildFile section */
		7A02314F1BDB00D900544403 /* MemeDetailViewController.swift in Sources */ = {isa = PBXBuildFile; fileRef = 7A02314E1BDB00D900544403 /* MemeDetailViewController.swift */; };
		7A56DFCF1BDAB36800C787E6 /* MemesManager.swift in Sources */ = {isa = PBXBuildFile; fileRef = 7A56DFCE1BDAB36800C787E6 /* MemesManager.swift */; };
		7A805C5A1BCACFC700EA3682 /* Meme.swift in Sources */ = {isa = PBXBuildFile; fileRef = 7A805C591BCACFC700EA3682 /* Meme.swift */; };
		7A805C5C1BCAD1B400EA3682 /* Impact.ttf in Resources */ = {isa = PBXBuildFile; fileRef = 7A805C5B1BCAD1B400EA3682 /* Impact.ttf */; };
		7AE4F6B71BC462D200ABDA8C /* MemeEditorViewController.swift in Sources */ = {isa = PBXBuildFile; fileRef = 7AE4F6B61BC462D200ABDA8C /* MemeEditorViewController.swift */; };
		7AE6830B1BC37B98001D7244 /* AppDelegate.swift in Sources */ = {isa = PBXBuildFile; fileRef = 7AE6830A1BC37B98001D7244 /* AppDelegate.swift */; };
		7AE683101BC37B98001D7244 /* Main.storyboard in Resources */ = {isa = PBXBuildFile; fileRef = 7AE6830E1BC37B98001D7244 /* Main.storyboard */; };
		7AE683121BC37B98001D7244 /* Assets.xcassets in Resources */ = {isa = PBXBuildFile; fileRef = 7AE683111BC37B98001D7244 /* Assets.xcassets */; };
		7AE683151BC37B98001D7244 /* LaunchScreen.storyboard in Resources */ = {isa = PBXBuildFile; fileRef = 7AE683131BC37B98001D7244 /* LaunchScreen.storyboard */; };
		7AF2ECED1BD5C95700CDE5F8 /* SentMemesTableViewController.swift in Sources */ = {isa = PBXBuildFile; fileRef = 7AF2ECEC1BD5C95700CDE5F8 /* SentMemesTableViewController.swift */; };
		7AF2ECEF1BD5C9AD00CDE5F8 /* SentMemesCollectionViewController.swift in Sources */ = {isa = PBXBuildFile; fileRef = 7AF2ECEE1BD5C9AD00CDE5F8 /* SentMemesCollectionViewController.swift */; };
		7AF4F5DD1BEAC63100566E33 /* SentMemesTableViewCell.swift in Sources */ = {isa = PBXBuildFile; fileRef = 7AF4F5DC1BEAC63100566E33 /* SentMemesTableViewCell.swift */; };
/* End PBXBuildFile section */

/* Begin PBXBuildRule section */
		7A805C5E1BCAD5A100EA3682 /* PBXBuildRule */ = {
			isa = PBXBuildRule;
			compilerSpec = com.apple.compilers.proxy.script;
			fileType = pattern.proxy;
			isEditable = 1;
			outputFiles = (
			);
			script = "";
		};
/* End PBXBuildRule section */

/* Begin PBXFileReference section */
		7A02314E1BDB00D900544403 /* MemeDetailViewController.swift */ = {isa = PBXFileReference; fileEncoding = 4; lastKnownFileType = sourcecode.swift; path = MemeDetailViewController.swift; sourceTree = "<group>"; };
		7A56DFCE1BDAB36800C787E6 /* MemesManager.swift */ = {isa = PBXFileReference; fileEncoding = 4; lastKnownFileType = sourcecode.swift; path = MemesManager.swift; sourceTree = "<group>"; };
		7A805C591BCACFC700EA3682 /* Meme.swift */ = {isa = PBXFileReference; fileEncoding = 4; lastKnownFileType = sourcecode.swift; path = Meme.swift; sourceTree = "<group>"; };
		7A805C5B1BCAD1B400EA3682 /* Impact.ttf */ = {isa = PBXFileReference; lastKnownFileType = file; path = Impact.ttf; sourceTree = "<group>"; };
		7A805C5F1BCAE3F500EA3682 /* Paperwork */ = {isa = PBXFileReference; lastKnownFileType = folder; path = Paperwork; sourceTree = "<group>"; };
		7AE4F6B61BC462D200ABDA8C /* MemeEditorViewController.swift */ = {isa = PBXFileReference; fileEncoding = 4; lastKnownFileType = sourcecode.swift; path = MemeEditorViewController.swift; sourceTree = "<group>"; };
		7AE683071BC37B97001D7244 /* MemeMe.app */ = {isa = PBXFileReference; explicitFileType = wrapper.application; includeInIndex = 0; path = MemeMe.app; sourceTree = BUILT_PRODUCTS_DIR; };
		7AE6830A1BC37B98001D7244 /* AppDelegate.swift */ = {isa = PBXFileReference; lastKnownFileType = sourcecode.swift; path = AppDelegate.swift; sourceTree = "<group>"; };
		7AE6830F1BC37B98001D7244 /* Base */ = {isa = PBXFileReference; lastKnownFileType = file.storyboard; name = Base; path = Base.lproj/Main.storyboard; sourceTree = "<group>"; };
		7AE683111BC37B98001D7244 /* Assets.xcassets */ = {isa = PBXFileReference; lastKnownFileType = folder.assetcatalog; path = Assets.xcassets; sourceTree = "<group>"; };
		7AE683141BC37B98001D7244 /* Base */ = {isa = PBXFileReference; lastKnownFileType = file.storyboard; name = Base; path = Base.lproj/LaunchScreen.storyboard; sourceTree = "<group>"; };
		7AE683161BC37B98001D7244 /* Info.plist */ = {isa = PBXFileReference; lastKnownFileType = text.plist.xml; path = Info.plist; sourceTree = "<group>"; };
		7AE6831C1BC37BE0001D7244 /* README.md */ = {isa = PBXFileReference; fileEncoding = 4; lastKnownFileType = net.daringfireball.markdown; path = README.md; sourceTree = "<group>"; };
		7AF2ECEC1BD5C95700CDE5F8 /* SentMemesTableViewController.swift */ = {isa = PBXFileReference; fileEncoding = 4; lastKnownFileType = sourcecode.swift; path = SentMemesTableViewController.swift; sourceTree = "<group>"; };
		7AF2ECEE1BD5C9AD00CDE5F8 /* SentMemesCollectionViewController.swift */ = {isa = PBXFileReference; fileEncoding = 4; lastKnownFileType = sourcecode.swift; path = SentMemesCollectionViewController.swift; sourceTree = "<group>"; };
		7AF4F5DC1BEAC63100566E33 /* SentMemesTableViewCell.swift */ = {isa = PBXFileReference; fileEncoding = 4; lastKnownFileType = sourcecode.swift; path = SentMemesTableViewCell.swift; sourceTree = "<group>"; };
/* End PBXFileReference section */

/* Begin PBXFrameworksBuildPhase section */
		7AE683041BC37B97001D7244 /* Frameworks */ = {
			isa = PBXFrameworksBuildPhase;
			buildActionMask = 2147483647;
			files = (
			);
			runOnlyForDeploymentPostprocessing = 0;
		};
/* End PBXFrameworksBuildPhase section */

/* Begin PBXGroup section */
		7A1858AF1BFB17FC00ABB456 /* View */ = {
			isa = PBXGroup;
			children = (
				7AF4F5DC1BEAC63100566E33 /* SentMemesTableViewCell.swift */,
				7AE683131BC37B98001D7244 /* LaunchScreen.storyboard */,
				7AE6830E1BC37B98001D7244 /* Main.storyboard */,
			);
			name = View;
			sourceTree = "<group>";
		};
		7A805C551BCACC9F00EA3682 /* Resources */ = {
			isa = PBXGroup;
			children = (
				7AE683111BC37B98001D7244 /* Assets.xcassets */,
				7A805C5B1BCAD1B400EA3682 /* Impact.ttf */,
				7AE683161BC37B98001D7244 /* Info.plist */,
			);
			name = Resources;
			sourceTree = "<group>";
		};
		7A805C571BCACCC600EA3682 /* Model */ = {
			isa = PBXGroup;
			children = (
				7A805C591BCACFC700EA3682 /* Meme.swift */,
				7A56DFCE1BDAB36800C787E6 /* MemesManager.swift */,
			);
			name = Model;
			sourceTree = "<group>";
		};
		7A805C581BCACD2A00EA3682 /* Controller */ = {
			isa = PBXGroup;
			children = (
				7AE6830A1BC37B98001D7244 /* AppDelegate.swift */,
				7A02314E1BDB00D900544403 /* MemeDetailViewController.swift */,
				7AE4F6B61BC462D200ABDA8C /* MemeEditorViewController.swift */,
				7AF2ECEE1BD5C9AD00CDE5F8 /* SentMemesCollectionViewController.swift */,
				7AF2ECEC1BD5C95700CDE5F8 /* SentMemesTableViewController.swift */,
			);
			name = Controller;
			sourceTree = "<group>";
		};
		7AE682FE1BC37B97001D7244 = {
			isa = PBXGroup;
			children = (
				7AE683091BC37B97001D7244 /* MemeMe */,
				7AE683081BC37B97001D7244 /* Products */,
				7AE6831C1BC37BE0001D7244 /* README.md */,
				7A805C5F1BCAE3F500EA3682 /* Paperwork */,
			);
			sourceTree = "<group>";
		};
		7AE683081BC37B97001D7244 /* Products */ = {
			isa = PBXGroup;
			children = (
				7AE683071BC37B97001D7244 /* MemeMe.app */,
			);
			name = Products;
			sourceTree = "<group>";
		};
		7AE683091BC37B97001D7244 /* MemeMe */ = {
			isa = PBXGroup;
			children = (
				7A805C581BCACD2A00EA3682 /* Controller */,
				7A805C571BCACCC600EA3682 /* Model */,
				7A805C551BCACC9F00EA3682 /* Resources */,
				7A1858AF1BFB17FC00ABB456 /* View */,
			);
			path = MemeMe;
			sourceTree = "<group>";
		};
/* End PBXGroup section */

/* Begin PBXNativeTarget section */
		7AE683061BC37B97001D7244 /* MemeMe */ = {
			isa = PBXNativeTarget;
			buildConfigurationList = 7AE683191BC37B98001D7244 /* Build configuration list for PBXNativeTarget "MemeMe" */;
			buildPhases = (
				7AE683031BC37B97001D7244 /* Sources */,
				7AE683041BC37B97001D7244 /* Frameworks */,
				7AE683051BC37B97001D7244 /* Resources */,
			);
			buildRules = (
				7A805C5E1BCAD5A100EA3682 /* PBXBuildRule */,
			);
			dependencies = (
			);
			name = MemeMe;
			productName = MemeMe;
			productReference = 7AE683071BC37B97001D7244 /* MemeMe.app */;
			productType = "com.apple.product-type.application";
		};
/* End PBXNativeTarget section */

/* Begin PBXProject section */
		7AE682FF1BC37B97001D7244 /* Project object */ = {
			isa = PBXProject;
			attributes = {
				LastUpgradeCheck = 0700;
				ORGANIZATIONNAME = "Gregory White";
				TargetAttributes = {
					7AE683061BC37B97001D7244 = {
						CreatedOnToolsVersion = 7.0.1;
						DevelopmentTeam = G828UK7MUR;
					};
				};
			};
			buildConfigurationList = 7AE683021BC37B97001D7244 /* Build configuration list for PBXProject "MemeMe" */;
			compatibilityVersion = "Xcode 6.3";
			developmentRegion = English;
			hasScannedForEncodings = 0;
			knownRegions = (
				en,
				Base,
			);
			mainGroup = 7AE682FE1BC37B97001D7244;
			productRefGroup = 7AE683081BC37B97001D7244 /* Products */;
			projectDirPath = "";
			projectRoot = "";
			targets = (
				7AE683061BC37B97001D7244 /* MemeMe */,
			);
		};
/* End PBXProject section */

/* Begin PBXResourcesBuildPhase section */
		7AE683051BC37B97001D7244 /* Resources */ = {
			isa = PBXResourcesBuildPhase;
			buildActionMask = 2147483647;
			files = (
				7A805C5C1BCAD1B400EA3682 /* Impact.ttf in Resources */,
				7AE683151BC37B98001D7244 /* LaunchScreen.storyboard in Resources */,
				7AE683121BC37B98001D7244 /* Assets.xcassets in Resources */,
				7AE683101BC37B98001D7244 /* Main.storyboard in Resources */,
			);
			runOnlyForDeploymentPostprocessing = 0;
		};
/* End PBXResourcesBuildPhase section */

/* Begin PBXSourcesBuildPhase section */
		7AE683031BC37B97001D7244 /* Sources */ = {
			isa = PBXSourcesBuildPhase;
			buildActionMask = 2147483647;
			files = (
				7AE6830B1BC37B98001D7244 /* AppDelegate.swift in Sources */,
				7A56DFCF1BDAB36800C787E6 /* MemesManager.swift in Sources */,
				7AF2ECED1BD5C95700CDE5F8 /* SentMemesTableViewController.swift in Sources */,
				7AF4F5DD1BEAC63100566E33 /* SentMemesTableViewCell.swift in Sources */,
				7AF2ECEF1BD5C9AD00CDE5F8 /* SentMemesCollectionViewController.swift in Sources */,
				7A02314F1BDB00D900544403 /* MemeDetailViewController.swift in Sources */,
				7AE4F6B71BC462D200ABDA8C /* MemeEditorViewController.swift in Sources */,
				7A805C5A1BCACFC700EA3682 /* Meme.swift in Sources */,
			);
			runOnlyForDeploymentPostprocessing = 0;
		};
/* End PBXSourcesBuildPhase section */

/* Begin PBXVariantGroup section */
		7AE6830E1BC37B98001D7244 /* Main.storyboard */ = {
			isa = PBXVariantGroup;
			children = (
				7AE6830F1BC37B98001D7244 /* Base */,
			);
			name = Main.storyboard;
			sourceTree = "<group>";
		};
		7AE683131BC37B98001D7244 /* LaunchScreen.storyboard */ = {
			isa = PBXVariantGroup;
			children = (
				7AE683141BC37B98001D7244 /* Base */,
			);
			name = LaunchScreen.storyboard;
			sourceTree = "<group>";
		};
/* End PBXVariantGroup section */

/* Begin XCBuildConfiguration section */
		7AE683171BC37B98001D7244 /* Debug */ = {
			isa = XCBuildConfiguration;
			buildSettings = {
				ALWAYS_SEARCH_USER_PATHS = NO;
				CLANG_CXX_LANGUAGE_STANDARD = "gnu++0x";
				CLANG_CXX_LIBRARY = "libc++";
				CLANG_ENABLE_MODULES = YES;
				CLANG_ENABLE_OBJC_ARC = YES;
				CLANG_WARN_BOOL_CONVERSION = YES;
				CLANG_WARN_CONSTANT_CONVERSION = YES;
				CLANG_WARN_DIRECT_OBJC_ISA_USAGE = YES_ERROR;
				CLANG_WARN_EMPTY_BODY = YES;
				CLANG_WARN_ENUM_CONVERSION = YES;
				CLANG_WARN_INT_CONVERSION = YES;
				CLANG_WARN_OBJC_ROOT_CLASS = YES_ERROR;
				CLANG_WARN_UNREACHABLE_CODE = YES;
				CLANG_WARN__DUPLICATE_METHOD_MATCH = YES;
				"CODE_SIGN_IDENTITY[sdk=iphoneos*]" = "iPhone Developer";
				COPY_PHASE_STRIP = NO;
				DEBUG_INFORMATION_FORMAT = dwarf;
				ENABLE_STRICT_OBJC_MSGSEND = YES;
				ENABLE_TESTABILITY = YES;
				GCC_C_LANGUAGE_STANDARD = gnu99;
				GCC_DYNAMIC_NO_PIC = NO;
				GCC_NO_COMMON_BLOCKS = YES;
				GCC_OPTIMIZATION_LEVEL = 0;
				GCC_PREPROCESSOR_DEFINITIONS = (
					"DEBUG=1",
					"$(inherited)",
				);
				GCC_WARN_64_TO_32_BIT_CONVERSION = YES;
				GCC_WARN_ABOUT_RETURN_TYPE = YES_ERROR;
				GCC_WARN_UNDECLARED_SELECTOR = YES;
				GCC_WARN_UNINITIALIZED_AUTOS = YES_AGGRESSIVE;
				GCC_WARN_UNUSED_FUNCTION = YES;
				GCC_WARN_UNUSED_VARIABLE = YES;
				IPHONEOS_DEPLOYMENT_TARGET = 9.0;
				MTL_ENABLE_DEBUG_INFO = YES;
				ONLY_ACTIVE_ARCH = YES;
				SDKROOT = iphoneos;
				SWIFT_OPTIMIZATION_LEVEL = "-Onone";
			};
			name = Debug;
		};
		7AE683181BC37B98001D7244 /* Release */ = {
			isa = XCBuildConfiguration;
			buildSettings = {
				ALWAYS_SEARCH_USER_PATHS = NO;
				CLANG_CXX_LANGUAGE_STANDARD = "gnu++0x";
				CLANG_CXX_LIBRARY = "libc++";
				CLANG_ENABLE_MODULES = YES;
				CLANG_ENABLE_OBJC_ARC = YES;
				CLANG_WARN_BOOL_CONVERSION = YES;
				CLANG_WARN_CONSTANT_CONVERSION = YES;
				CLANG_WARN_DIRECT_OBJC_ISA_USAGE = YES_ERROR;
				CLANG_WARN_EMPTY_BODY = YES;
				CLANG_WARN_ENUM_CONVERSION = YES;
				CLANG_WARN_INT_CONVERSION = YES;
				CLANG_WARN_OBJC_ROOT_CLASS = YES_ERROR;
				CLANG_WARN_UNREACHABLE_CODE = YES;
				CLANG_WARN__DUPLICATE_METHOD_MATCH = YES;
				"CODE_SIGN_IDENTITY[sdk=iphoneos*]" = "iPhone Developer";
				COPY_PHASE_STRIP = NO;
				DEBUG_INFORMATION_FORMAT = "dwarf-with-dsym";
				ENABLE_NS_ASSERTIONS = NO;
				ENABLE_STRICT_OBJC_MSGSEND = YES;
				GCC_C_LANGUAGE_STANDARD = gnu99;
				GCC_NO_COMMON_BLOCKS = YES;
				GCC_WARN_64_TO_32_BIT_CONVERSION = YES;
				GCC_WARN_ABOUT_RETURN_TYPE = YES_ERROR;
				GCC_WARN_UNDECLARED_SELECTOR = YES;
				GCC_WARN_UNINITIALIZED_AUTOS = YES_AGGRESSIVE;
				GCC_WARN_UNUSED_FUNCTION = YES;
				GCC_WARN_UNUSED_VARIABLE = YES;
				IPHONEOS_DEPLOYMENT_TARGET = 9.0;
				MTL_ENABLE_DEBUG_INFO = NO;
				SDKROOT = iphoneos;
				VALIDATE_PRODUCT = YES;
			};
			name = Release;
		};
		7AE6831A1BC37B98001D7244 /* Debug */ = {
			isa = XCBuildConfiguration;
			buildSettings = {
				ASSETCATALOG_COMPILER_APPICON_NAME = AppIcon;
				CODE_SIGN_IDENTITY = "iPhone Developer";
				"CODE_SIGN_IDENTITY[sdk=iphoneos*]" = "iPhone Developer";
				INFOPLIST_FILE = MemeMe/Info.plist;
				IPHONEOS_DEPLOYMENT_TARGET = 9.1;
				LD_RUNPATH_SEARCH_PATHS = "$(inherited) @executable_path/Frameworks";
				PRODUCT_BUNDLE_IDENTIFIER = com.gaw3.MemeMe;
				PRODUCT_NAME = "$(TARGET_NAME)";
				PROVISIONING_PROFILE = "";
			};
			name = Debug;
		};
		7AE6831B1BC37B98001D7244 /* Release */ = {
			isa = XCBuildConfiguration;
			buildSettings = {
				ASSETCATALOG_COMPILER_APPICON_NAME = AppIcon;
				CODE_SIGN_IDENTITY = "iPhone Developer";
				"CODE_SIGN_IDENTITY[sdk=iphoneos*]" = "iPhone Developer";
				INFOPLIST_FILE = MemeMe/Info.plist;
				IPHONEOS_DEPLOYMENT_TARGET = 9.1;
				LD_RUNPATH_SEARCH_PATHS = "$(inherited) @executable_path/Frameworks";
				PRODUCT_BUNDLE_IDENTIFIER = com.gaw3.MemeMe;
				PRODUCT_NAME = "$(TARGET_NAME)";
				PROVISIONING_PROFILE = "";
			};
			name = Release;
		};
/* End XCBuildConfiguration section */

/* Begin XCConfigurationList section */
		7AE683021BC37B97001D7244 /* Build configuration list for PBXProject "MemeMe" */ = {
			isa = XCConfigurationList;
			buildConfigurations = (
				7AE683171BC37B98001D7244 /* Debug */,
				7AE683181BC37B98001D7244 /* Release */,
			);
			defaultConfigurationIsVisible = 0;
			defaultConfigurationName = Release;
		};
		7AE683191BC37B98001D7244 /* Build configuration list for PBXNativeTarget "MemeMe" */ = {
			isa = XCConfigurationList;
			buildConfigurations = (
				7AE6831A1BC37B98001D7244 /* Debug */,
				7AE6831B1BC37B98001D7244 /* Release */,
			);
			defaultConfigurationIsVisible = 0;
			defaultConfigurationName = Release;
		};
/* End XCConfigurationList section */
	};
	rootObject = 7AE682FF1BC37B97001D7244 /* Project object */;
}
